// !$*UTF8*$!
{
	archiveVersion = 1;
	classes = {
	};
	objectVersion = 50;
	objects = {

/* Begin PBXBuildFile section */
		651C3B5E22CA4E0D0089D0D8 /* demo.GIF in Resources */ = {isa = PBXBuildFile; fileRef = 651C3B5D22CA4E0D0089D0D8 /* demo.GIF */; };
		652C358D222B7BA800D6A39C /* TitledCarouselLayout.swift in Sources */ = {isa = PBXBuildFile; fileRef = 652C358C222B7BA800D6A39C /* TitledCarouselLayout.swift */; };
		652C3590222B80B200D6A39C /* TitledLayoutAttributes.swift in Sources */ = {isa = PBXBuildFile; fileRef = 652C358F222B80B100D6A39C /* TitledLayoutAttributes.swift */; };
		652C3592222B897300D6A39C /* HeaderView.swift in Sources */ = {isa = PBXBuildFile; fileRef = 652C3591222B897300D6A39C /* HeaderView.swift */; };
		652C3595222B8AE300D6A39C /* Assets.xcassets in Resources */ = {isa = PBXBuildFile; fileRef = 652C3594222B8AE300D6A39C /* Assets.xcassets */; };
		652C3597222B8B6900D6A39C /* UIImageExtension.swift in Sources */ = {isa = PBXBuildFile; fileRef = 652C3596222B8B6900D6A39C /* UIImageExtension.swift */; };
		652C3599222C7DB000D6A39C /* CircleLayout.swift in Sources */ = {isa = PBXBuildFile; fileRef = 652C3598222C7DB000D6A39C /* CircleLayout.swift */; };
		652C359B222C868B00D6A39C /* BouncyLayout.swift in Sources */ = {isa = PBXBuildFile; fileRef = 652C359A222C868B00D6A39C /* BouncyLayout.swift */; };
		652C359D222CB90900D6A39C /* UIDynamicAnimatorExtension.swift in Sources */ = {isa = PBXBuildFile; fileRef = 652C359C222CB90900D6A39C /* UIDynamicAnimatorExtension.swift */; };
		652C359F222CC56B00D6A39C /* AnimatedLayout.swift in Sources */ = {isa = PBXBuildFile; fileRef = 652C359E222CC56B00D6A39C /* AnimatedLayout.swift */; };
		654C57AB222E12A300372503 /* ViewAnimator.swift in Sources */ = {isa = PBXBuildFile; fileRef = 654C57AA222E12A300372503 /* ViewAnimator.swift */; };
		654C57AD222E12BB00372503 /* UIViewExtensions.swift in Sources */ = {isa = PBXBuildFile; fileRef = 654C57AC222E12BB00372503 /* UIViewExtensions.swift */; };
		654C57E5222F68E300372503 /* InformativeSlider.swift in Sources */ = {isa = PBXBuildFile; fileRef = 654C57E4222F68E300372503 /* InformativeSlider.swift */; };
		654C57E7222F77A800372503 /* FoundationExtension.swift in Sources */ = {isa = PBXBuildFile; fileRef = 654C57E6222F77A800372503 /* FoundationExtension.swift */; };
		65975B3E2258303800FA3B19 /* AnotherStackLayout.swift in Sources */ = {isa = PBXBuildFile; fileRef = 65975B3D2258303800FA3B19 /* AnotherStackLayout.swift */; };
		65A21C442242FCFA00321E64 /* OverlapLayout.swift in Sources */ = {isa = PBXBuildFile; fileRef = 65A21C432242FCFA00321E64 /* OverlapLayout.swift */; };
		65EC4116223218B6005C79FC /* UICollectionViewExtension.swift in Sources */ = {isa = PBXBuildFile; fileRef = 65EC4115223218B6005C79FC /* UICollectionViewExtension.swift */; };
		65EC415222341021005C79FC /* StackLayout.swift in Sources */ = {isa = PBXBuildFile; fileRef = 65EC415122341021005C79FC /* StackLayout.swift */; };
		65F248B722285FAD00AD4FEE /* AppDelegate.swift in Sources */ = {isa = PBXBuildFile; fileRef = 65F248B622285FAD00AD4FEE /* AppDelegate.swift */; };
		65F248B922285FAD00AD4FEE /* MasterViewController.swift in Sources */ = {isa = PBXBuildFile; fileRef = 65F248B822285FAD00AD4FEE /* MasterViewController.swift */; };
		65F248BB22285FAD00AD4FEE /* DetailViewController.swift in Sources */ = {isa = PBXBuildFile; fileRef = 65F248BA22285FAD00AD4FEE /* DetailViewController.swift */; };
		65F248BE22285FAD00AD4FEE /* Main.storyboard in Resources */ = {isa = PBXBuildFile; fileRef = 65F248BC22285FAD00AD4FEE /* Main.storyboard */; };
		65F248C022285FAF00AD4FEE /* Assets.xcassets in Resources */ = {isa = PBXBuildFile; fileRef = 65F248BF22285FAF00AD4FEE /* Assets.xcassets */; };
		65F248C322285FAF00AD4FEE /* LaunchScreen.storyboard in Resources */ = {isa = PBXBuildFile; fileRef = 65F248C122285FAF00AD4FEE /* LaunchScreen.storyboard */; };
		65F248CC222867C800AD4FEE /* LayoutsModel.swift in Sources */ = {isa = PBXBuildFile; fileRef = 65F248CB222867C800AD4FEE /* LayoutsModel.swift */; };
		65F248CF22286B5800AD4FEE /* UIColorExtension.swift in Sources */ = {isa = PBXBuildFile; fileRef = 65F248CE22286B5800AD4FEE /* UIColorExtension.swift */; };
		65F248D222286C8000AD4FEE /* CollectionDataModel.swift in Sources */ = {isa = PBXBuildFile; fileRef = 65F248D122286C8000AD4FEE /* CollectionDataModel.swift */; };
		65F248EF22287C7200AD4FEE /* CardCell.swift in Sources */ = {isa = PBXBuildFile; fileRef = 65F248EE22287C7200AD4FEE /* CardCell.swift */; };
		65F248F12228D26400AD4FEE /* AdvancedCarouselLayout.swift in Sources */ = {isa = PBXBuildFile; fileRef = 65F248F02228D26400AD4FEE /* AdvancedCarouselLayout.swift */; };
		65F248F32228D70800AD4FEE /* CarouselLayout.swift in Sources */ = {isa = PBXBuildFile; fileRef = 65F248F22228D70800AD4FEE /* CarouselLayout.swift */; };
/* End PBXBuildFile section */

/* Begin PBXFileReference section */
		651C3B5D22CA4E0D0089D0D8 /* demo.GIF */ = {isa = PBXFileReference; lastKnownFileType = image.gif; path = demo.GIF; sourceTree = "<group>"; };
		652C358C222B7BA800D6A39C /* TitledCarouselLayout.swift */ = {isa = PBXFileReference; lastKnownFileType = sourcecode.swift; path = TitledCarouselLayout.swift; sourceTree = "<group>"; };
		652C358F222B80B100D6A39C /* TitledLayoutAttributes.swift */ = {isa = PBXFileReference; lastKnownFileType = sourcecode.swift; path = TitledLayoutAttributes.swift; sourceTree = "<group>"; };
		652C3591222B897300D6A39C /* HeaderView.swift */ = {isa = PBXFileReference; lastKnownFileType = sourcecode.swift; path = HeaderView.swift; sourceTree = "<group>"; };
		652C3594222B8AE300D6A39C /* Assets.xcassets */ = {isa = PBXFileReference; lastKnownFileType = folder.assetcatalog; path = Assets.xcassets; sourceTree = "<group>"; };
		652C3596222B8B6900D6A39C /* UIImageExtension.swift */ = {isa = PBXFileReference; lastKnownFileType = sourcecode.swift; path = UIImageExtension.swift; sourceTree = "<group>"; };
		652C3598222C7DB000D6A39C /* CircleLayout.swift */ = {isa = PBXFileReference; lastKnownFileType = sourcecode.swift; path = CircleLayout.swift; sourceTree = "<group>"; };
		652C359A222C868B00D6A39C /* BouncyLayout.swift */ = {isa = PBXFileReference; lastKnownFileType = sourcecode.swift; path = BouncyLayout.swift; sourceTree = "<group>"; };
		652C359C222CB90900D6A39C /* UIDynamicAnimatorExtension.swift */ = {isa = PBXFileReference; lastKnownFileType = sourcecode.swift; path = UIDynamicAnimatorExtension.swift; sourceTree = "<group>"; };
		652C359E222CC56B00D6A39C /* AnimatedLayout.swift */ = {isa = PBXFileReference; lastKnownFileType = sourcecode.swift; path = AnimatedLayout.swift; sourceTree = "<group>"; };
		654C57AA222E12A300372503 /* ViewAnimator.swift */ = {isa = PBXFileReference; lastKnownFileType = sourcecode.swift; path = ViewAnimator.swift; sourceTree = "<group>"; };
		654C57AC222E12BB00372503 /* UIViewExtensions.swift */ = {isa = PBXFileReference; lastKnownFileType = sourcecode.swift; path = UIViewExtensions.swift; sourceTree = "<group>"; };
		654C57E4222F68E300372503 /* InformativeSlider.swift */ = {isa = PBXFileReference; lastKnownFileType = sourcecode.swift; path = InformativeSlider.swift; sourceTree = "<group>"; };
		654C57E6222F77A800372503 /* FoundationExtension.swift */ = {isa = PBXFileReference; lastKnownFileType = sourcecode.swift; path = FoundationExtension.swift; sourceTree = "<group>"; };
		65975B3D2258303800FA3B19 /* AnotherStackLayout.swift */ = {isa = PBXFileReference; lastKnownFileType = sourcecode.swift; path = AnotherStackLayout.swift; sourceTree = "<group>"; };
		65A21C432242FCFA00321E64 /* OverlapLayout.swift */ = {isa = PBXFileReference; lastKnownFileType = sourcecode.swift; path = OverlapLayout.swift; sourceTree = "<group>"; };
		65EC4115223218B6005C79FC /* UICollectionViewExtension.swift */ = {isa = PBXFileReference; lastKnownFileType = sourcecode.swift; path = UICollectionViewExtension.swift; sourceTree = "<group>"; };
		65EC415122341021005C79FC /* StackLayout.swift */ = {isa = PBXFileReference; lastKnownFileType = sourcecode.swift; path = StackLayout.swift; sourceTree = "<group>"; };
		65F248B322285FAD00AD4FEE /* CollectionViewPlayground.app */ = {isa = PBXFileReference; explicitFileType = wrapper.application; includeInIndex = 0; path = CollectionViewPlayground.app; sourceTree = BUILT_PRODUCTS_DIR; };
		65F248B622285FAD00AD4FEE /* AppDelegate.swift */ = {isa = PBXFileReference; lastKnownFileType = sourcecode.swift; path = AppDelegate.swift; sourceTree = "<group>"; };
		65F248B822285FAD00AD4FEE /* MasterViewController.swift */ = {isa = PBXFileReference; lastKnownFileType = sourcecode.swift; path = MasterViewController.swift; sourceTree = "<group>"; };
		65F248BA22285FAD00AD4FEE /* DetailViewController.swift */ = {isa = PBXFileReference; lastKnownFileType = sourcecode.swift; path = DetailViewController.swift; sourceTree = "<group>"; };
		65F248BD22285FAD00AD4FEE /* Base */ = {isa = PBXFileReference; lastKnownFileType = file.storyboard; name = Base; path = Base.lproj/Main.storyboard; sourceTree = "<group>"; };
		65F248BF22285FAF00AD4FEE /* Assets.xcassets */ = {isa = PBXFileReference; lastKnownFileType = folder.assetcatalog; path = Assets.xcassets; sourceTree = "<group>"; };
		65F248C222285FAF00AD4FEE /* Base */ = {isa = PBXFileReference; lastKnownFileType = file.storyboard; name = Base; path = Base.lproj/LaunchScreen.storyboard; sourceTree = "<group>"; };
		65F248C422285FAF00AD4FEE /* Info.plist */ = {isa = PBXFileReference; lastKnownFileType = text.plist.xml; path = Info.plist; sourceTree = "<group>"; };
		65F248CB222867C800AD4FEE /* LayoutsModel.swift */ = {isa = PBXFileReference; lastKnownFileType = sourcecode.swift; path = LayoutsModel.swift; sourceTree = "<group>"; };
		65F248CE22286B5800AD4FEE /* UIColorExtension.swift */ = {isa = PBXFileReference; lastKnownFileType = sourcecode.swift; path = UIColorExtension.swift; sourceTree = "<group>"; };
		65F248D122286C8000AD4FEE /* CollectionDataModel.swift */ = {isa = PBXFileReference; lastKnownFileType = sourcecode.swift; path = CollectionDataModel.swift; sourceTree = "<group>"; };
		65F248EE22287C7200AD4FEE /* CardCell.swift */ = {isa = PBXFileReference; lastKnownFileType = sourcecode.swift; path = CardCell.swift; sourceTree = "<group>"; };
		65F248F02228D26400AD4FEE /* AdvancedCarouselLayout.swift */ = {isa = PBXFileReference; lastKnownFileType = sourcecode.swift; path = AdvancedCarouselLayout.swift; sourceTree = "<group>"; };
		65F248F22228D70800AD4FEE /* CarouselLayout.swift */ = {isa = PBXFileReference; lastKnownFileType = sourcecode.swift; path = CarouselLayout.swift; sourceTree = "<group>"; };
/* End PBXFileReference section */

/* Begin PBXFrameworksBuildPhase section */
		65F248B022285FAD00AD4FEE /* Frameworks */ = {
			isa = PBXFrameworksBuildPhase;
			buildActionMask = 2147483647;
			files = (
			);
			runOnlyForDeploymentPostprocessing = 0;
		};
/* End PBXFrameworksBuildPhase section */

/* Begin PBXGroup section */
		652C358E222B809000D6A39C /* TitledCarousel */ = {
			isa = PBXGroup;
			children = (
				652C358C222B7BA800D6A39C /* TitledCarouselLayout.swift */,
				652C358F222B80B100D6A39C /* TitledLayoutAttributes.swift */,
			);
			path = TitledCarousel;
			sourceTree = "<group>";
		};
		652C3593222B8A1400D6A39C /* Resources */ = {
			isa = PBXGroup;
			children = (
				651C3B5D22CA4E0D0089D0D8 /* demo.GIF */,
				652C3594222B8AE300D6A39C /* Assets.xcassets */,
			);
			path = Resources;
			sourceTree = "<group>";
		};
		654C57A7222E105A00372503 /* Animator */ = {
			isa = PBXGroup;
			children = (
				654C57AA222E12A300372503 /* ViewAnimator.swift */,
			);
			path = Animator;
			sourceTree = "<group>";
		};
		65F248AA22285FAD00AD4FEE = {
			isa = PBXGroup;
			children = (
				65F248B522285FAD00AD4FEE /* CollectionViewPlayground */,
				65F248B422285FAD00AD4FEE /* Products */,
			);
			sourceTree = "<group>";
		};
		65F248B422285FAD00AD4FEE /* Products */ = {
			isa = PBXGroup;
			children = (
				65F248B322285FAD00AD4FEE /* CollectionViewPlayground.app */,
			);
			name = Products;
			sourceTree = "<group>";
		};
		65F248B522285FAD00AD4FEE /* CollectionViewPlayground */ = {
			isa = PBXGroup;
			children = (
				652C3593222B8A1400D6A39C /* Resources */,
				654C57A7222E105A00372503 /* Animator */,
				65F248ED22287BB100AD4FEE /* Views */,
				65F248CD22286B4900AD4FEE /* Utils */,
				65F248CA2228679B00AD4FEE /* Layouts */,
				65F248D022286C3C00AD4FEE /* Model */,
				65F248B622285FAD00AD4FEE /* AppDelegate.swift */,
				65F248B822285FAD00AD4FEE /* MasterViewController.swift */,
				65F248BA22285FAD00AD4FEE /* DetailViewController.swift */,
				65F248BC22285FAD00AD4FEE /* Main.storyboard */,
				65F248BF22285FAF00AD4FEE /* Assets.xcassets */,
				65F248C122285FAF00AD4FEE /* LaunchScreen.storyboard */,
				65F248C422285FAF00AD4FEE /* Info.plist */,
			);
			path = CollectionViewPlayground;
			sourceTree = "<group>";
		};
		65F248CA2228679B00AD4FEE /* Layouts */ = {
			isa = PBXGroup;
			children = (
				65F248CB222867C800AD4FEE /* LayoutsModel.swift */,
				65F248F22228D70800AD4FEE /* CarouselLayout.swift */,
				65F248F02228D26400AD4FEE /* AdvancedCarouselLayout.swift */,
				652C358E222B809000D6A39C /* TitledCarousel */,
				652C3598222C7DB000D6A39C /* CircleLayout.swift */,
				652C359A222C868B00D6A39C /* BouncyLayout.swift */,
				652C359E222CC56B00D6A39C /* AnimatedLayout.swift */,
				65EC415122341021005C79FC /* StackLayout.swift */,
				65A21C432242FCFA00321E64 /* OverlapLayout.swift */,
				65975B3D2258303800FA3B19 /* AnotherStackLayout.swift */,
			);
			path = Layouts;
			sourceTree = "<group>";
		};
		65F248CD22286B4900AD4FEE /* Utils */ = {
			isa = PBXGroup;
			children = (
				65F248CE22286B5800AD4FEE /* UIColorExtension.swift */,
				652C3596222B8B6900D6A39C /* UIImageExtension.swift */,
				652C359C222CB90900D6A39C /* UIDynamicAnimatorExtension.swift */,
				654C57AC222E12BB00372503 /* UIViewExtensions.swift */,
				654C57E6222F77A800372503 /* FoundationExtension.swift */,
				65EC4115223218B6005C79FC /* UICollectionViewExtension.swift */,
			);
			path = Utils;
			sourceTree = "<group>";
		};
		65F248D022286C3C00AD4FEE /* Model */ = {
			isa = PBXGroup;
			children = (
				65F248D122286C8000AD4FEE /* CollectionDataModel.swift */,
			);
			path = Model;
			sourceTree = "<group>";
		};
		65F248ED22287BB100AD4FEE /* Views */ = {
			isa = PBXGroup;
			children = (
				65F248EE22287C7200AD4FEE /* CardCell.swift */,
				652C3591222B897300D6A39C /* HeaderView.swift */,
				654C57E4222F68E300372503 /* InformativeSlider.swift */,
			);
			path = Views;
			sourceTree = "<group>";
		};
/* End PBXGroup section */

/* Begin PBXNativeTarget section */
		65F248B222285FAD00AD4FEE /* CollectionViewPlayground */ = {
			isa = PBXNativeTarget;
			buildConfigurationList = 65F248C722285FAF00AD4FEE /* Build configuration list for PBXNativeTarget "CollectionViewPlayground" */;
			buildPhases = (
				65F248AF22285FAD00AD4FEE /* Sources */,
				65F248B022285FAD00AD4FEE /* Frameworks */,
				65F248B122285FAD00AD4FEE /* Resources */,
			);
			buildRules = (
			);
			dependencies = (
			);
			name = CollectionViewPlayground;
			productName = CollectionViewPlayground;
			productReference = 65F248B322285FAD00AD4FEE /* CollectionViewPlayground.app */;
			productType = "com.apple.product-type.application";
		};
/* End PBXNativeTarget section */

/* Begin PBXProject section */
		65F248AB22285FAD00AD4FEE /* Project object */ = {
			isa = PBXProject;
			attributes = {
				LastSwiftUpdateCheck = 1010;
				LastUpgradeCheck = 1010;
				ORGANIZATIONNAME = "Zhang, Yiliang";
				TargetAttributes = {
					65F248B222285FAD00AD4FEE = {
						CreatedOnToolsVersion = 10.1;
					};
				};
			};
			buildConfigurationList = 65F248AE22285FAD00AD4FEE /* Build configuration list for PBXProject "CollectionViewPlayground" */;
			compatibilityVersion = "Xcode 9.3";
			developmentRegion = en;
			hasScannedForEncodings = 0;
			knownRegions = (
				en,
				Base,
			);
			mainGroup = 65F248AA22285FAD00AD4FEE;
			productRefGroup = 65F248B422285FAD00AD4FEE /* Products */;
			projectDirPath = "";
			projectRoot = "";
			targets = (
				65F248B222285FAD00AD4FEE /* CollectionViewPlayground */,
			);
		};
/* End PBXProject section */

/* Begin PBXResourcesBuildPhase section */
		65F248B122285FAD00AD4FEE /* Resources */ = {
			isa = PBXResourcesBuildPhase;
			buildActionMask = 2147483647;
			files = (
				65F248C322285FAF00AD4FEE /* LaunchScreen.storyboard in Resources */,
				65F248C022285FAF00AD4FEE /* Assets.xcassets in Resources */,
				652C3595222B8AE300D6A39C /* Assets.xcassets in Resources */,
				65F248BE22285FAD00AD4FEE /* Main.storyboard in Resources */,
				651C3B5E22CA4E0D0089D0D8 /* demo.GIF in Resources */,
			);
			runOnlyForDeploymentPostprocessing = 0;
		};
/* End PBXResourcesBuildPhase section */

/* Begin PBXSourcesBuildPhase section */
		65F248AF22285FAD00AD4FEE /* Sources */ = {
			isa = PBXSourcesBuildPhase;
			buildActionMask = 2147483647;
			files = (
				65EC4116223218B6005C79FC /* UICollectionViewExtension.swift in Sources */,
				65F248EF22287C7200AD4FEE /* CardCell.swift in Sources */,
				654C57E5222F68E300372503 /* InformativeSlider.swift in Sources */,
				65F248F32228D70800AD4FEE /* CarouselLayout.swift in Sources */,
				652C359F222CC56B00D6A39C /* AnimatedLayout.swift in Sources */,
				65A21C442242FCFA00321E64 /* OverlapLayout.swift in Sources */,
				65F248F12228D26400AD4FEE /* AdvancedCarouselLayout.swift in Sources */,
				652C358D222B7BA800D6A39C /* TitledCarouselLayout.swift in Sources */,
				654C57AB222E12A300372503 /* ViewAnimator.swift in Sources */,
				65F248BB22285FAD00AD4FEE /* DetailViewController.swift in Sources */,
				65F248B922285FAD00AD4FEE /* MasterViewController.swift in Sources */,
				652C3590222B80B200D6A39C /* TitledLayoutAttributes.swift in Sources */,
				652C3592222B897300D6A39C /* HeaderView.swift in Sources */,
				654C57AD222E12BB00372503 /* UIViewExtensions.swift in Sources */,
				65EC415222341021005C79FC /* StackLayout.swift in Sources */,
				65F248CF22286B5800AD4FEE /* UIColorExtension.swift in Sources */,
				654C57E7222F77A800372503 /* FoundationExtension.swift in Sources */,
				652C3597222B8B6900D6A39C /* UIImageExtension.swift in Sources */,
				65975B3E2258303800FA3B19 /* AnotherStackLayout.swift in Sources */,
				65F248D222286C8000AD4FEE /* CollectionDataModel.swift in Sources */,
				652C3599222C7DB000D6A39C /* CircleLayout.swift in Sources */,
				652C359D222CB90900D6A39C /* UIDynamicAnimatorExtension.swift in Sources */,
				652C359B222C868B00D6A39C /* BouncyLayout.swift in Sources */,
				65F248B722285FAD00AD4FEE /* AppDelegate.swift in Sources */,
				65F248CC222867C800AD4FEE /* LayoutsModel.swift in Sources */,
			);
			runOnlyForDeploymentPostprocessing = 0;
		};
/* End PBXSourcesBuildPhase section */

/* Begin PBXVariantGroup section */
		65F248BC22285FAD00AD4FEE /* Main.storyboard */ = {
			isa = PBXVariantGroup;
			children = (
				65F248BD22285FAD00AD4FEE /* Base */,
			);
			name = Main.storyboard;
			sourceTree = "<group>";
		};
		65F248C122285FAF00AD4FEE /* LaunchScreen.storyboard */ = {
			isa = PBXVariantGroup;
			children = (
				65F248C222285FAF00AD4FEE /* Base */,
			);
			name = LaunchScreen.storyboard;
			sourceTree = "<group>";
		};
/* End PBXVariantGroup section */

/* Begin XCBuildConfiguration section */
		65F248C522285FAF00AD4FEE /* Debug */ = {
			isa = XCBuildConfiguration;
			buildSettings = {
				ALWAYS_SEARCH_USER_PATHS = NO;
				CLANG_ANALYZER_NONNULL = YES;
				CLANG_ANALYZER_NUMBER_OBJECT_CONVERSION = YES_AGGRESSIVE;
				CLANG_CXX_LANGUAGE_STANDARD = "gnu++14";
				CLANG_CXX_LIBRARY = "libc++";
				CLANG_ENABLE_MODULES = YES;
				CLANG_ENABLE_OBJC_ARC = YES;
				CLANG_ENABLE_OBJC_WEAK = YES;
				CLANG_WARN_BLOCK_CAPTURE_AUTORELEASING = YES;
				CLANG_WARN_BOOL_CONVERSION = YES;
				CLANG_WARN_COMMA = YES;
				CLANG_WARN_CONSTANT_CONVERSION = YES;
				CLANG_WARN_DEPRECATED_OBJC_IMPLEMENTATIONS = YES;
				CLANG_WARN_DIRECT_OBJC_ISA_USAGE = YES_ERROR;
				CLANG_WARN_DOCUMENTATION_COMMENTS = YES;
				CLANG_WARN_EMPTY_BODY = YES;
				CLANG_WARN_ENUM_CONVERSION = YES;
				CLANG_WARN_INFINITE_RECURSION = YES;
				CLANG_WARN_INT_CONVERSION = YES;
				CLANG_WARN_NON_LITERAL_NULL_CONVERSION = YES;
				CLANG_WARN_OBJC_IMPLICIT_RETAIN_SELF = YES;
				CLANG_WARN_OBJC_LITERAL_CONVERSION = YES;
				CLANG_WARN_OBJC_ROOT_CLASS = YES_ERROR;
				CLANG_WARN_RANGE_LOOP_ANALYSIS = YES;
				CLANG_WARN_STRICT_PROTOTYPES = YES;
				CLANG_WARN_SUSPICIOUS_MOVE = YES;
				CLANG_WARN_UNGUARDED_AVAILABILITY = YES_AGGRESSIVE;
				CLANG_WARN_UNREACHABLE_CODE = YES;
				CLANG_WARN__DUPLICATE_METHOD_MATCH = YES;
				CODE_SIGN_IDENTITY = "iPhone Developer";
				COPY_PHASE_STRIP = NO;
				DEBUG_INFORMATION_FORMAT = dwarf;
				ENABLE_STRICT_OBJC_MSGSEND = YES;
				ENABLE_TESTABILITY = YES;
				GCC_C_LANGUAGE_STANDARD = gnu11;
				GCC_DYNAMIC_NO_PIC = NO;
				GCC_NO_COMMON_BLOCKS = YES;
				GCC_OPTIMIZATION_LEVEL = 0;
				GCC_PREPROCESSOR_DEFINITIONS = (
					"DEBUG=1",
					"$(inherited)",
				);
				GCC_WARN_64_TO_32_BIT_CONVERSION = YES;
				GCC_WARN_ABOUT_RETURN_TYPE = YES_ERROR;
				GCC_WARN_UNDECLARED_SELECTOR = YES;
				GCC_WARN_UNINITIALIZED_AUTOS = YES_AGGRESSIVE;
				GCC_WARN_UNUSED_FUNCTION = YES;
				GCC_WARN_UNUSED_VARIABLE = YES;
				IPHONEOS_DEPLOYMENT_TARGET = 12.1;
				MTL_ENABLE_DEBUG_INFO = INCLUDE_SOURCE;
				MTL_FAST_MATH = YES;
				ONLY_ACTIVE_ARCH = YES;
				SDKROOT = iphoneos;
				SWIFT_ACTIVE_COMPILATION_CONDITIONS = DEBUG;
				SWIFT_OPTIMIZATION_LEVEL = "-Onone";
			};
			name = Debug;
		};
		65F248C622285FAF00AD4FEE /* Release */ = {
			isa = XCBuildConfiguration;
			buildSettings = {
				ALWAYS_SEARCH_USER_PATHS = NO;
				CLANG_ANALYZER_NONNULL = YES;
				CLANG_ANALYZER_NUMBER_OBJECT_CONVERSION = YES_AGGRESSIVE;
				CLANG_CXX_LANGUAGE_STANDARD = "gnu++14";
				CLANG_CXX_LIBRARY = "libc++";
				CLANG_ENABLE_MODULES = YES;
				CLANG_ENABLE_OBJC_ARC = YES;
				CLANG_ENABLE_OBJC_WEAK = YES;
				CLANG_WARN_BLOCK_CAPTURE_AUTORELEASING = YES;
				CLANG_WARN_BOOL_CONVERSION = YES;
				CLANG_WARN_COMMA = YES;
				CLANG_WARN_CONSTANT_CONVERSION = YES;
				CLANG_WARN_DEPRECATED_OBJC_IMPLEMENTATIONS = YES;
				CLANG_WARN_DIRECT_OBJC_ISA_USAGE = YES_ERROR;
				CLANG_WARN_DOCUMENTATION_COMMENTS = YES;
				CLANG_WARN_EMPTY_BODY = YES;
				CLANG_WARN_ENUM_CONVERSION = YES;
				CLANG_WARN_INFINITE_RECURSION = YES;
				CLANG_WARN_INT_CONVERSION = YES;
				CLANG_WARN_NON_LITERAL_NULL_CONVERSION = YES;
				CLANG_WARN_OBJC_IMPLICIT_RETAIN_SELF = YES;
				CLANG_WARN_OBJC_LITERAL_CONVERSION = YES;
				CLANG_WARN_OBJC_ROOT_CLASS = YES_ERROR;
				CLANG_WARN_RANGE_LOOP_ANALYSIS = YES;
				CLANG_WARN_STRICT_PROTOTYPES = YES;
				CLANG_WARN_SUSPICIOUS_MOVE = YES;
				CLANG_WARN_UNGUARDED_AVAILABILITY = YES_AGGRESSIVE;
				CLANG_WARN_UNREACHABLE_CODE = YES;
				CLANG_WARN__DUPLICATE_METHOD_MATCH = YES;
				CODE_SIGN_IDENTITY = "iPhone Developer";
				COPY_PHASE_STRIP = NO;
				DEBUG_INFORMATION_FORMAT = "dwarf-with-dsym";
				ENABLE_NS_ASSERTIONS = NO;
				ENABLE_STRICT_OBJC_MSGSEND = YES;
				GCC_C_LANGUAGE_STANDARD = gnu11;
				GCC_NO_COMMON_BLOCKS = YES;
				GCC_WARN_64_TO_32_BIT_CONVERSION = YES;
				GCC_WARN_ABOUT_RETURN_TYPE = YES_ERROR;
				GCC_WARN_UNDECLARED_SELECTOR = YES;
				GCC_WARN_UNINITIALIZED_AUTOS = YES_AGGRESSIVE;
				GCC_WARN_UNUSED_FUNCTION = YES;
				GCC_WARN_UNUSED_VARIABLE = YES;
				IPHONEOS_DEPLOYMENT_TARGET = 12.1;
				MTL_ENABLE_DEBUG_INFO = NO;
				MTL_FAST_MATH = YES;
				SDKROOT = iphoneos;
				SWIFT_COMPILATION_MODE = wholemodule;
				SWIFT_OPTIMIZATION_LEVEL = "-O";
				VALIDATE_PRODUCT = YES;
			};
			name = Release;
		};
		65F248C822285FAF00AD4FEE /* Debug */ = {
			isa = XCBuildConfiguration;
			buildSettings = {
				ASSETCATALOG_COMPILER_APPICON_NAME = AppIcon;
				CODE_SIGN_STYLE = Automatic;
				DEVELOPMENT_TEAM = 36GATMBJLG;
				INFOPLIST_FILE = CollectionViewPlayground/Info.plist;
				LD_RUNPATH_SEARCH_PATHS = (
					"$(inherited)",
					"@executable_path/Frameworks",
				);
				PRODUCT_BUNDLE_IDENTIFIER = ZYL.CollectionViewPlayground;
				PRODUCT_NAME = "$(TARGET_NAME)";
				SWIFT_VERSION = 4.2;
				TARGETED_DEVICE_FAMILY = "1,2";
			};
			name = Debug;
		};
		65F248C922285FAF00AD4FEE /* Release */ = {
			isa = XCBuildConfiguration;
			buildSettings = {
				ASSETCATALOG_COMPILER_APPICON_NAME = AppIcon;
				CODE_SIGN_STYLE = Automatic;
				DEVELOPMENT_TEAM = 36GATMBJLG;
				INFOPLIST_FILE = CollectionViewPlayground/Info.plist;
				LD_RUNPATH_SEARCH_PATHS = (
					"$(inherited)",
					"@executable_path/Frameworks",
				);
				PRODUCT_BUNDLE_IDENTIFIER = ZYL.CollectionViewPlayground;
				PRODUCT_NAME = "$(TARGET_NAME)";
				SWIFT_VERSION = 4.2;
				TARGETED_DEVICE_FAMILY = "1,2";
			};
			name = Release;
		};
/* End XCBuildConfiguration section */

/* Begin XCConfigurationList section */
		65F248AE22285FAD00AD4FEE /* Build configuration list for PBXProject "CollectionViewPlayground" */ = {
			isa = XCConfigurationList;
			buildConfigurations = (
				65F248C522285FAF00AD4FEE /* Debug */,
				65F248C622285FAF00AD4FEE /* Release */,
			);
			defaultConfigurationIsVisible = 0;
			defaultConfigurationName = Release;
		};
		65F248C722285FAF00AD4FEE /* Build configuration list for PBXNativeTarget "CollectionViewPlayground" */ = {
			isa = XCConfigurationList;
			buildConfigurations = (
				65F248C822285FAF00AD4FEE /* Debug */,
				65F248C922285FAF00AD4FEE /* Release */,
			);
			defaultConfigurationIsVisible = 0;
			defaultConfigurationName = Release;
		};
/* End XCConfigurationList section */
	};
	rootObject = 65F248AB22285FAD00AD4FEE /* Project object */;
}
